Microsoft Visual Studio Solution File, Format Version 12.00
# Visual Studio 2012
Project("{FAE04EC0-301F-11D3-BF4B-00C04F79EFBC}") = "Isolation-InterstellarGameJam", "Isolation-InterstellarGameJam.csproj", "{9E721494-5E55-46A9-941E-0312898E37DD}"
EndProject
Global
	GlobalSection(SolutionConfigurationPlatforms) = preSolution
	Debug|Any CPU = Debug|Any CPU
	ExportDebug|Any CPU = ExportDebug|Any CPU
	ExportRelease|Any CPU = ExportRelease|Any CPU
	EndGlobalSection
	GlobalSection(ProjectConfigurationPlatforms) = postSolution
		{9E721494-5E55-46A9-941E-0312898E37DD}.Debug|Any CPU.ActiveCfg = Debug|Any CPU
		{9E721494-5E55-46A9-941E-0312898E37DD}.Debug|Any CPU.Build.0 = Debug|Any CPU
		{9E721494-5E55-46A9-941E-0312898E37DD}.ExportDebug|Any CPU.ActiveCfg = ExportDebug|Any CPU
		{9E721494-5E55-46A9-941E-0312898E37DD}.ExportDebug|Any CPU.Build.0 = ExportDebug|Any CPU
		{9E721494-5E55-46A9-941E-0312898E37DD}.ExportRelease|Any CPU.ActiveCfg = ExportRelease|Any CPU
		{9E721494-5E55-46A9-941E-0312898E37DD}.ExportRelease|Any CPU.Build.0 = ExportRelease|Any CPU
	EndGlobalSection
EndGlobal
